
Microsoft Visual Studio Solution File, Format Version 12.00
# Visual Studio Version 16
VisualStudioVersion = 16.0.30717.126
MinimumVisualStudioVersion = 10.0.40219.1
Project("{FAE04EC0-301F-11D3-BF4B-00C04F79EFBC}") = "ConsoleApp1", "ConsoleApp1\ConsoleApp1.csproj", "{137EEDDE-9717-49D8-B559-7540D9534674}"
EndProject
Global
	GlobalSection(SolutionConfigurationPlatforms) = preSolution
		Debug|Any CPU = Debug|Any CPU
		Release|Any CPU = Release|Any CPU
	EndGlobalSection
	GlobalSection(ProjectConfigurationPlatforms) = postSolution
		{137EEDDE-9717-49D8-B559-7540D9534674}.Debug|Any CPU.ActiveCfg = Debug|Any CPU
		{137EEDDE-9717-49D8-B559-7540D9534674}.Debug|Any CPU.Build.0 = Debug|Any CPU
		{137EEDDE-9717-49D8-B559-7540D9534674}.Release|Any CPU.ActiveCfg = Release|Any CPU
		{137EEDDE-9717-49D8-B559-7540D9534674}.Release|Any CPU.Build.0 = Release|Any CPU
	EndGlobalSection
	GlobalSection(SolutionProperties) = preSolution
		HideSolutionNode = FALSE
	EndGlobalSection
	GlobalSection(ExtensibilityGlobals) = postSolution
		SolutionGuid = {60E86B4B-8199-4C23-82DD-1B2D57F7B77A}
	EndGlobalSection
EndGlobal
